
Microsoft Visual Studio Solution File, Format Version 12.00
# Visual Studio Version 16
VisualStudioVersion = 25.0.1706.14
MinimumVisualStudioVersion = 10.0.40219.1
Project("{FAE04EC0-301F-11D3-BF4B-00C04F79EFBC}") = "DevOpsDemoAPI", "DevOpsDemoAPI\DevOpsDemoAPI.csproj", "{9B8E2DC1-1EA5-41D2-9DE2-259DBB650B8F}"
EndProject
Global
	GlobalSection(SolutionConfigurationPlatforms) = preSolution
		Debug|Any CPU = Debug|Any CPU
		Release|Any CPU = Release|Any CPU
	EndGlobalSection
	GlobalSection(ProjectConfigurationPlatforms) = postSolution
		{9B8E2DC1-1EA5-41D2-9DE2-259DBB650B8F}.Debug|Any CPU.ActiveCfg = Debug|Any CPU
		{9B8E2DC1-1EA5-41D2-9DE2-259DBB650B8F}.Debug|Any CPU.Build.0 = Debug|Any CPU
		{9B8E2DC1-1EA5-41D2-9DE2-259DBB650B8F}.Release|Any CPU.ActiveCfg = Release|Any CPU
		{9B8E2DC1-1EA5-41D2-9DE2-259DBB650B8F}.Release|Any CPU.Build.0 = Release|Any CPU
	EndGlobalSection
	GlobalSection(SolutionProperties) = preSolution
		HideSolutionNode = FALSE
	EndGlobalSection
	GlobalSection(ExtensibilityGlobals) = postSolution
		SolutionGuid = {63F20161-70B3-4BF3-86D3-110A46FA4C9A}
	EndGlobalSection
EndGlobal
